// !$*UTF8*$!
{
	archiveVersion = 1;
	classes = {
	};
	objectVersion = 56;
	objects = {

/* Begin PBXBuildFile section */
		315E35932C406C8C00BBEE30 /* About_Me_2_App.swift in Sources */ = {isa = PBXBuildFile; fileRef = 315E35922C406C8C00BBEE30 /* About_Me_2_App.swift */; };
		315E35952C406C8C00BBEE30 /* ContentView.swift in Sources */ = {isa = PBXBuildFile; fileRef = 315E35942C406C8C00BBEE30 /* ContentView.swift */; };
		315E35972C406C8D00BBEE30 /* Assets.xcassets in Resources */ = {isa = PBXBuildFile; fileRef = 315E35962C406C8D00BBEE30 /* Assets.xcassets */; };
		315E359A2C406C8D00BBEE30 /* Preview Assets.xcassets in Resources */ = {isa = PBXBuildFile; fileRef = 315E35992C406C8D00BBEE30 /* Preview Assets.xcassets */; };
		315E35A42C406C8D00BBEE30 /* About_Me_2_Tests.swift in Sources */ = {isa = PBXBuildFile; fileRef = 315E35A32C406C8D00BBEE30 /* About_Me_2_Tests.swift */; };
		315E35AE2C406C8D00BBEE30 /* About_Me_2_UITests.swift in Sources */ = {isa = PBXBuildFile; fileRef = 315E35AD2C406C8D00BBEE30 /* About_Me_2_UITests.swift */; };
		315E35B02C406C8D00BBEE30 /* About_Me_2_UITestsLaunchTests.swift in Sources */ = {isa = PBXBuildFile; fileRef = 315E35AF2C406C8D00BBEE30 /* About_Me_2_UITestsLaunchTests.swift */; };
/* End PBXBuildFile section */

/* Begin PBXContainerItemProxy section */
		315E35A02C406C8D00BBEE30 /* PBXContainerItemProxy */ = {
			isa = PBXContainerItemProxy;
			containerPortal = 315E35872C406C8C00BBEE30 /* Project object */;
			proxyType = 1;
			remoteGlobalIDString = 315E358E2C406C8C00BBEE30;
			remoteInfo = "About Me 2!";
		};
		315E35AA2C406C8D00BBEE30 /* PBXContainerItemProxy */ = {
			isa = PBXContainerItemProxy;
			containerPortal = 315E35872C406C8C00BBEE30 /* Project object */;
			proxyType = 1;
			remoteGlobalIDString = 315E358E2C406C8C00BBEE30;
			remoteInfo = "About Me 2!";
		};
/* End PBXContainerItemProxy section */

/* Begin PBXFileReference section */
		315E358F2C406C8C00BBEE30 /* About Me 2!.app */ = {isa = PBXFileReference; explicitFileType = wrapper.application; includeInIndex = 0; path = "About Me 2!.app"; sourceTree = BUILT_PRODUCTS_DIR; };
		315E35922C406C8C00BBEE30 /* About_Me_2_App.swift */ = {isa = PBXFileReference; lastKnownFileType = sourcecode.swift; path = About_Me_2_App.swift; sourceTree = "<group>"; };
		315E35942C406C8C00BBEE30 /* ContentView.swift */ = {isa = PBXFileReference; lastKnownFileType = sourcecode.swift; path = ContentView.swift; sourceTree = "<group>"; };
		315E35962C406C8D00BBEE30 /* Assets.xcassets */ = {isa = PBXFileReference; lastKnownFileType = folder.assetcatalog; path = Assets.xcassets; sourceTree = "<group>"; };
		315E35992C406C8D00BBEE30 /* Preview Assets.xcassets */ = {isa = PBXFileReference; lastKnownFileType = folder.assetcatalog; path = "Preview Assets.xcassets"; sourceTree = "<group>"; };
		315E359F2C406C8D00BBEE30 /* About Me 2!Tests.xctest */ = {isa = PBXFileReference; explicitFileType = wrapper.cfbundle; includeInIndex = 0; path = "About Me 2!Tests.xctest"; sourceTree = BUILT_PRODUCTS_DIR; };
		315E35A32C406C8D00BBEE30 /* About_Me_2_Tests.swift */ = {isa = PBXFileReference; lastKnownFileType = sourcecode.swift; path = About_Me_2_Tests.swift; sourceTree = "<group>"; };
		315E35A92C406C8D00BBEE30 /* About Me 2!UITests.xctest */ = {isa = PBXFileReference; explicitFileType = wrapper.cfbundle; includeInIndex = 0; path = "About Me 2!UITests.xctest"; sourceTree = BUILT_PRODUCTS_DIR; };
		315E35AD2C406C8D00BBEE30 /* About_Me_2_UITests.swift */ = {isa = PBXFileReference; lastKnownFileType = sourcecode.swift; path = About_Me_2_UITests.swift; sourceTree = "<group>"; };
		315E35AF2C406C8D00BBEE30 /* About_Me_2_UITestsLaunchTests.swift */ = {isa = PBXFileReference; lastKnownFileType = sourcecode.swift; path = About_Me_2_UITestsLaunchTests.swift; sourceTree = "<group>"; };
/* End PBXFileReference section */

/* Begin PBXFrameworksBuildPhase section */
		315E358C2C406C8C00BBEE30 /* Frameworks */ = {
			isa = PBXFrameworksBuildPhase;
			buildActionMask = 2147483647;
			files = (
			);
			runOnlyForDeploymentPostprocessing = 0;
		};
		315E359C2C406C8D00BBEE30 /* Frameworks */ = {
			isa = PBXFrameworksBuildPhase;
			buildActionMask = 2147483647;
			files = (
			);
			runOnlyForDeploymentPostprocessing = 0;
		};
		315E35A62C406C8D00BBEE30 /* Frameworks */ = {
			isa = PBXFrameworksBuildPhase;
			buildActionMask = 2147483647;
			files = (
			);
			runOnlyForDeploymentPostprocessing = 0;
		};
/* End PBXFrameworksBuildPhase section */

/* Begin PBXGroup section */
		315E35862C406C8C00BBEE30 = {
			isa = PBXGroup;
			children = (
				315E35912C406C8C00BBEE30 /* About Me 2! */,
				315E35A22C406C8D00BBEE30 /* About Me 2!Tests */,
				315E35AC2C406C8D00BBEE30 /* About Me 2!UITests */,
				315E35902C406C8C00BBEE30 /* Products */,
			);
			sourceTree = "<group>";
		};
		315E35902C406C8C00BBEE30 /* Products */ = {
			isa = PBXGroup;
			children = (
				315E358F2C406C8C00BBEE30 /* About Me 2!.app */,
				315E359F2C406C8D00BBEE30 /* About Me 2!Tests.xctest */,
				315E35A92C406C8D00BBEE30 /* About Me 2!UITests.xctest */,
			);
			name = Products;
			sourceTree = "<group>";
		};
		315E35912C406C8C00BBEE30 /* About Me 2! */ = {
			isa = PBXGroup;
			children = (
				315E35922C406C8C00BBEE30 /* About_Me_2_App.swift */,
				315E35942C406C8C00BBEE30 /* ContentView.swift */,
				315E35962C406C8D00BBEE30 /* Assets.xcassets */,
				315E35982C406C8D00BBEE30 /* Preview Content */,
			);
			path = "About Me 2!";
			sourceTree = "<group>";
		};
		315E35982C406C8D00BBEE30 /* Preview Content */ = {
			isa = PBXGroup;
			children = (
				315E35992C406C8D00BBEE30 /* Preview Assets.xcassets */,
			);
			path = "Preview Content";
			sourceTree = "<group>";
		};
		315E35A22C406C8D00BBEE30 /* About Me 2!Tests */ = {
			isa = PBXGroup;
			children = (
				315E35A32C406C8D00BBEE30 /* About_Me_2_Tests.swift */,
			);
			path = "About Me 2!Tests";
			sourceTree = "<group>";
		};
		315E35AC2C406C8D00BBEE30 /* About Me 2!UITests */ = {
			isa = PBXGroup;
			children = (
				315E35AD2C406C8D00BBEE30 /* About_Me_2_UITests.swift */,
				315E35AF2C406C8D00BBEE30 /* About_Me_2_UITestsLaunchTests.swift */,
			);
			path = "About Me 2!UITests";
			sourceTree = "<group>";
		};
/* End PBXGroup section */

/* Begin PBXNativeTarget section */
		315E358E2C406C8C00BBEE30 /* About Me 2! */ = {
			isa = PBXNativeTarget;
			buildConfigurationList = 315E35B32C406C8D00BBEE30 /* Build configuration list for PBXNativeTarget "About Me 2!" */;
			buildPhases = (
				315E358B2C406C8C00BBEE30 /* Sources */,
				315E358C2C406C8C00BBEE30 /* Frameworks */,
				315E358D2C406C8C00BBEE30 /* Resources */,
			);
			buildRules = (
			);
			dependencies = (
			);
			name = "About Me 2!";
			productName = "About Me 2!";
			productReference = 315E358F2C406C8C00BBEE30 /* About Me 2!.app */;
			productType = "com.apple.product-type.application";
		};
		315E359E2C406C8D00BBEE30 /* About Me 2!Tests */ = {
			isa = PBXNativeTarget;
			buildConfigurationList = 315E35B62C406C8D00BBEE30 /* Build configuration list for PBXNativeTarget "About Me 2!Tests" */;
			buildPhases = (
				315E359B2C406C8D00BBEE30 /* Sources */,
				315E359C2C406C8D00BBEE30 /* Frameworks */,
				315E359D2C406C8D00BBEE30 /* Resources */,
			);
			buildRules = (
			);
			dependencies = (
				315E35A12C406C8D00BBEE30 /* PBXTargetDependency */,
			);
			name = "About Me 2!Tests";
			productName = "About Me 2!Tests";
			productReference = 315E359F2C406C8D00BBEE30 /* About Me 2!Tests.xctest */;
			productType = "com.apple.product-type.bundle.unit-test";
		};
		315E35A82C406C8D00BBEE30 /* About Me 2!UITests */ = {
			isa = PBXNativeTarget;
			buildConfigurationList = 315E35B92C406C8D00BBEE30 /* Build configuration list for PBXNativeTarget "About Me 2!UITests" */;
			buildPhases = (
				315E35A52C406C8D00BBEE30 /* Sources */,
				315E35A62C406C8D00BBEE30 /* Frameworks */,
				315E35A72C406C8D00BBEE30 /* Resources */,
			);
			buildRules = (
			);
			dependencies = (
				315E35AB2C406C8D00BBEE30 /* PBXTargetDependency */,
			);
			name = "About Me 2!UITests";
			productName = "About Me 2!UITests";
			productReference = 315E35A92C406C8D00BBEE30 /* About Me 2!UITests.xctest */;
			productType = "com.apple.product-type.bundle.ui-testing";
		};
/* End PBXNativeTarget section */

/* Begin PBXProject section */
		315E35872C406C8C00BBEE30 /* Project object */ = {
			isa = PBXProject;
			attributes = {
				BuildIndependentTargetsInParallel = 1;
				LastSwiftUpdateCheck = 1540;
				LastUpgradeCheck = 1540;
				TargetAttributes = {
					315E358E2C406C8C00BBEE30 = {
						CreatedOnToolsVersion = 15.4;
					};
					315E359E2C406C8D00BBEE30 = {
						CreatedOnToolsVersion = 15.4;
						TestTargetID = 315E358E2C406C8C00BBEE30;
					};
					315E35A82C406C8D00BBEE30 = {
						CreatedOnToolsVersion = 15.4;
						TestTargetID = 315E358E2C406C8C00BBEE30;
					};
				};
			};
			buildConfigurationList = 315E358A2C406C8C00BBEE30 /* Build configuration list for PBXProject "About Me 2!" */;
			compatibilityVersion = "Xcode 14.0";
			developmentRegion = en;
			hasScannedForEncodings = 0;
			knownRegions = (
				en,
				Base,
			);
			mainGroup = 315E35862C406C8C00BBEE30;
			productRefGroup = 315E35902C406C8C00BBEE30 /* Products */;
			projectDirPath = "";
			projectRoot = "";
			targets = (
				315E358E2C406C8C00BBEE30 /* About Me 2! */,
				315E359E2C406C8D00BBEE30 /* About Me 2!Tests */,
				315E35A82C406C8D00BBEE30 /* About Me 2!UITests */,
			);
		};
/* End PBXProject section */

/* Begin PBXResourcesBuildPhase section */
		315E358D2C406C8C00BBEE30 /* Resources */ = {
			isa = PBXResourcesBuildPhase;
			buildActionMask = 2147483647;
			files = (
				315E359A2C406C8D00BBEE30 /* Preview Assets.xcassets in Resources */,
				315E35972C406C8D00BBEE30 /* Assets.xcassets in Resources */,
			);
			runOnlyForDeploymentPostprocessing = 0;
		};
		315E359D2C406C8D00BBEE30 /* Resources */ = {
			isa = PBXResourcesBuildPhase;
			buildActionMask = 2147483647;
			files = (
			);
			runOnlyForDeploymentPostprocessing = 0;
		};
		315E35A72C406C8D00BBEE30 /* Resources */ = {
			isa = PBXResourcesBuildPhase;
			buildActionMask = 2147483647;
			files = (
			);
			runOnlyForDeploymentPostprocessing = 0;
		};
/* End PBXResourcesBuildPhase section */

/* Begin PBXSourcesBuildPhase section */
		315E358B2C406C8C00BBEE30 /* Sources */ = {
			isa = PBXSourcesBuildPhase;
			buildActionMask = 2147483647;
			files = (
				315E35952C406C8C00BBEE30 /* ContentView.swift in Sources */,
				315E35932C406C8C00BBEE30 /* About_Me_2_App.swift in Sources */,
			);
			runOnlyForDeploymentPostprocessing = 0;
		};
		315E359B2C406C8D00BBEE30 /* Sources */ = {
			isa = PBXSourcesBuildPhase;
			buildActionMask = 2147483647;
			files = (
				315E35A42C406C8D00BBEE30 /* About_Me_2_Tests.swift in Sources */,
			);
			runOnlyForDeploymentPostprocessing = 0;
		};
		315E35A52C406C8D00BBEE30 /* Sources */ = {
			isa = PBXSourcesBuildPhase;
			buildActionMask = 2147483647;
			files = (
				315E35AE2C406C8D00BBEE30 /* About_Me_2_UITests.swift in Sources */,
				315E35B02C406C8D00BBEE30 /* About_Me_2_UITestsLaunchTests.swift in Sources */,
			);
			runOnlyForDeploymentPostprocessing = 0;
		};
/* End PBXSourcesBuildPhase section */

/* Begin PBXTargetDependency section */
		315E35A12C406C8D00BBEE30 /* PBXTargetDependency */ = {
			isa = PBXTargetDependency;
			target = 315E358E2C406C8C00BBEE30 /* About Me 2! */;
			targetProxy = 315E35A02C406C8D00BBEE30 /* PBXContainerItemProxy */;
		};
		315E35AB2C406C8D00BBEE30 /* PBXTargetDependency */ = {
			isa = PBXTargetDependency;
			target = 315E358E2C406C8C00BBEE30 /* About Me 2! */;
			targetProxy = 315E35AA2C406C8D00BBEE30 /* PBXContainerItemProxy */;
		};
/* End PBXTargetDependency section */

/* Begin XCBuildConfiguration section */
		315E35B12C406C8D00BBEE30 /* Debug */ = {
			isa = XCBuildConfiguration;
			buildSettings = {
				ALWAYS_SEARCH_USER_PATHS = NO;
				ASSETCATALOG_COMPILER_GENERATE_SWIFT_ASSET_SYMBOL_EXTENSIONS = YES;
				CLANG_ANALYZER_NONNULL = YES;
				CLANG_ANALYZER_NUMBER_OBJECT_CONVERSION = YES_AGGRESSIVE;
				CLANG_CXX_LANGUAGE_STANDARD = "gnu++20";
				CLANG_ENABLE_MODULES = YES;
				CLANG_ENABLE_OBJC_ARC = YES;
				CLANG_ENABLE_OBJC_WEAK = YES;
				CLANG_WARN_BLOCK_CAPTURE_AUTORELEASING = YES;
				CLANG_WARN_BOOL_CONVERSION = YES;
				CLANG_WARN_COMMA = YES;
				CLANG_WARN_CONSTANT_CONVERSION = YES;
				CLANG_WARN_DEPRECATED_OBJC_IMPLEMENTATIONS = YES;
				CLANG_WARN_DIRECT_OBJC_ISA_USAGE = YES_ERROR;
				CLANG_WARN_DOCUMENTATION_COMMENTS = YES;
				CLANG_WARN_EMPTY_BODY = YES;
				CLANG_WARN_ENUM_CONVERSION = YES;
				CLANG_WARN_INFINITE_RECURSION = YES;
				CLANG_WARN_INT_CONVERSION = YES;
				CLANG_WARN_NON_LITERAL_NULL_CONVERSION = YES;
				CLANG_WARN_OBJC_IMPLICIT_RETAIN_SELF = YES;
				CLANG_WARN_OBJC_LITERAL_CONVERSION = YES;
				CLANG_WARN_OBJC_ROOT_CLASS = YES_ERROR;
				CLANG_WARN_QUOTED_INCLUDE_IN_FRAMEWORK_HEADER = YES;
				CLANG_WARN_RANGE_LOOP_ANALYSIS = YES;
				CLANG_WARN_STRICT_PROTOTYPES = YES;
				CLANG_WARN_SUSPICIOUS_MOVE = YES;
				CLANG_WARN_UNGUARDED_AVAILABILITY = YES_AGGRESSIVE;
				CLANG_WARN_UNREACHABLE_CODE = YES;
				CLANG_WARN__DUPLICATE_METHOD_MATCH = YES;
				COPY_PHASE_STRIP = NO;
				DEBUG_INFORMATION_FORMAT = dwarf;
				ENABLE_STRICT_OBJC_MSGSEND = YES;
				ENABLE_TESTABILITY = YES;
				ENABLE_USER_SCRIPT_SANDBOXING = YES;
				GCC_C_LANGUAGE_STANDARD = gnu17;
				GCC_DYNAMIC_NO_PIC = NO;
				GCC_NO_COMMON_BLOCKS = YES;
				GCC_OPTIMIZATION_LEVEL = 0;
				GCC_PREPROCESSOR_DEFINITIONS = (
					"DEBUG=1",
					"$(inherited)",
				);
				GCC_WARN_64_TO_32_BIT_CONVERSION = YES;
				GCC_WARN_ABOUT_RETURN_TYPE = YES_ERROR;
				GCC_WARN_UNDECLARED_SELECTOR = YES;
				GCC_WARN_UNINITIALIZED_AUTOS = YES_AGGRESSIVE;
				GCC_WARN_UNUSED_FUNCTION = YES;
				GCC_WARN_UNUSED_VARIABLE = YES;
				IPHONEOS_DEPLOYMENT_TARGET = 17.5;
				LOCALIZATION_PREFERS_STRING_CATALOGS = YES;
				MTL_ENABLE_DEBUG_INFO = INCLUDE_SOURCE;
				MTL_FAST_MATH = YES;
				ONLY_ACTIVE_ARCH = YES;
				SDKROOT = iphoneos;
				SWIFT_ACTIVE_COMPILATION_CONDITIONS = "DEBUG $(inherited)";
				SWIFT_OPTIMIZATION_LEVEL = "-Onone";
			};
			name = Debug;
		};
		315E35B22C406C8D00BBEE30 /* Release */ = {
			isa = XCBuildConfiguration;
			buildSettings = {
				ALWAYS_SEARCH_USER_PATHS = NO;
				ASSETCATALOG_COMPILER_GENERATE_SWIFT_ASSET_SYMBOL_EXTENSIONS = YES;
				CLANG_ANALYZER_NONNULL = YES;
				CLANG_ANALYZER_NUMBER_OBJECT_CONVERSION = YES_AGGRESSIVE;
				CLANG_CXX_LANGUAGE_STANDARD = "gnu++20";
				CLANG_ENABLE_MODULES = YES;
				CLANG_ENABLE_OBJC_ARC = YES;
				CLANG_ENABLE_OBJC_WEAK = YES;
				CLANG_WARN_BLOCK_CAPTURE_AUTORELEASING = YES;
				CLANG_WARN_BOOL_CONVERSION = YES;
				CLANG_WARN_COMMA = YES;
				CLANG_WARN_CONSTANT_CONVERSION = YES;
				CLANG_WARN_DEPRECATED_OBJC_IMPLEMENTATIONS = YES;
				CLANG_WARN_DIRECT_OBJC_ISA_USAGE = YES_ERROR;
				CLANG_WARN_DOCUMENTATION_COMMENTS = YES;
				CLANG_WARN_EMPTY_BODY = YES;
				CLANG_WARN_ENUM_CONVERSION = YES;
				CLANG_WARN_INFINITE_RECURSION = YES;
				CLANG_WARN_INT_CONVERSION = YES;
				CLANG_WARN_NON_LITERAL_NULL_CONVERSION = YES;
				CLANG_WARN_OBJC_IMPLICIT_RETAIN_SELF = YES;
				CLANG_WARN_OBJC_LITERAL_CONVERSION = YES;
				CLANG_WARN_OBJC_ROOT_CLASS = YES_ERROR;
				CLANG_WARN_QUOTED_INCLUDE_IN_FRAMEWORK_HEADER = YES;
				CLANG_WARN_RANGE_LOOP_ANALYSIS = YES;
				CLANG_WARN_STRICT_PROTOTYPES = YES;
				CLANG_WARN_SUSPICIOUS_MOVE = YES;
				CLANG_WARN_UNGUARDED_AVAILABILITY = YES_AGGRESSIVE;
				CLANG_WARN_UNREACHABLE_CODE = YES;
				CLANG_WARN__DUPLICATE_METHOD_MATCH = YES;
				COPY_PHASE_STRIP = NO;
				DEBUG_INFORMATION_FORMAT = "dwarf-with-dsym";
				ENABLE_NS_ASSERTIONS = NO;
				ENABLE_STRICT_OBJC_MSGSEND = YES;
				ENABLE_USER_SCRIPT_SANDBOXING = YES;
				GCC_C_LANGUAGE_STANDARD = gnu17;
				GCC_NO_COMMON_BLOCKS = YES;
				GCC_WARN_64_TO_32_BIT_CONVERSION = YES;
				GCC_WARN_ABOUT_RETURN_TYPE = YES_ERROR;
				GCC_WARN_UNDECLARED_SELECTOR = YES;
				GCC_WARN_UNINITIALIZED_AUTOS = YES_AGGRESSIVE;
				GCC_WARN_UNUSED_FUNCTION = YES;
				GCC_WARN_UNUSED_VARIABLE = YES;
				IPHONEOS_DEPLOYMENT_TARGET = 17.5;
				LOCALIZATION_PREFERS_STRING_CATALOGS = YES;
				MTL_ENABLE_DEBUG_INFO = NO;
				MTL_FAST_MATH = YES;
				SDKROOT = iphoneos;
				SWIFT_COMPILATION_MODE = wholemodule;
				VALIDATE_PRODUCT = YES;
			};
			name = Release;
		};
		315E35B42C406C8D00BBEE30 /* Debug */ = {
			isa = XCBuildConfiguration;
			buildSettings = {
				ASSETCATALOG_COMPILER_APPICON_NAME = AppIcon;
				ASSETCATALOG_COMPILER_GLOBAL_ACCENT_COLOR_NAME = AccentColor;
				CODE_SIGN_STYLE = Automatic;
				CURRENT_PROJECT_VERSION = 1;
				DEVELOPMENT_ASSET_PATHS = "\"About Me 2!/Preview Content\"";
				DEVELOPMENT_TEAM = R33Y6NGFV7;
				ENABLE_PREVIEWS = YES;
				GENERATE_INFOPLIST_FILE = YES;
				INFOPLIST_KEY_UIApplicationSceneManifest_Generation = YES;
				INFOPLIST_KEY_UIApplicationSupportsIndirectInputEvents = YES;
				INFOPLIST_KEY_UILaunchScreen_Generation = YES;
				INFOPLIST_KEY_UISupportedInterfaceOrientations_iPad = "UIInterfaceOrientationPortrait UIInterfaceOrientationPortraitUpsideDown UIInterfaceOrientationLandscapeLeft UIInterfaceOrientationLandscapeRight";
				INFOPLIST_KEY_UISupportedInterfaceOrientations_iPhone = "UIInterfaceOrientationPortrait UIInterfaceOrientationLandscapeLeft UIInterfaceOrientationLandscapeRight";
				LD_RUNPATH_SEARCH_PATHS = (
					"$(inherited)",
					"@executable_path/Frameworks",
				);
				MARKETING_VERSION = 1.0;
				PRODUCT_BUNDLE_IDENTIFIER = "kwk.About-Me-2-";
				PRODUCT_NAME = "$(TARGET_NAME)";
				SWIFT_EMIT_LOC_STRINGS = YES;
				SWIFT_VERSION = 5.0;
				TARGETED_DEVICE_FAMILY = "1,2";
			};
			name = Debug;
		};
		315E35B52C406C8D00BBEE30 /* Release */ = {
			isa = XCBuildConfiguration;
			buildSettings = {
				ASSETCATALOG_COMPILER_APPICON_NAME = AppIcon;
				ASSETCATALOG_COMPILER_GLOBAL_ACCENT_COLOR_NAME = AccentColor;
				CODE_SIGN_STYLE = Automatic;
				CURRENT_PROJECT_VERSION = 1;
				DEVELOPMENT_ASSET_PATHS = "\"About Me 2!/Preview Content\"";
				DEVELOPMENT_TEAM = R33Y6NGFV7;
				ENABLE_PREVIEWS = YES;
				GENERATE_INFOPLIST_FILE = YES;
				INFOPLIST_KEY_UIApplicationSceneManifest_Generation = YES;
				INFOPLIST_KEY_UIApplicationSupportsIndirectInputEvents = YES;
				INFOPLIST_KEY_UILaunchScreen_Generation = YES;
				INFOPLIST_KEY_UISupportedInterfaceOrientations_iPad = "UIInterfaceOrientationPortrait UIInterfaceOrientationPortraitUpsideDown UIInterfaceOrientationLandscapeLeft UIInterfaceOrientationLandscapeRight";
				INFOPLIST_KEY_UISupportedInterfaceOrientations_iPhone = "UIInterfaceOrientationPortrait UIInterfaceOrientationLandscapeLeft UIInterfaceOrientationLandscapeRight";
				LD_RUNPATH_SEARCH_PATHS = (
					"$(inherited)",
					"@executable_path/Frameworks",
				);
				MARKETING_VERSION = 1.0;
				PRODUCT_BUNDLE_IDENTIFIER = "kwk.About-Me-2-";
				PRODUCT_NAME = "$(TARGET_NAME)";
				SWIFT_EMIT_LOC_STRINGS = YES;
				SWIFT_VERSION = 5.0;
				TARGETED_DEVICE_FAMILY = "1,2";
			};
			name = Release;
		};
		315E35B72C406C8D00BBEE30 /* Debug */ = {
			isa = XCBuildConfiguration;
			buildSettings = {
				ALWAYS_EMBED_SWIFT_STANDARD_LIBRARIES = YES;
				BUNDLE_LOADER = "$(TEST_HOST)";
				CODE_SIGN_STYLE = Automatic;
				CURRENT_PROJECT_VERSION = 1;
				DEVELOPMENT_TEAM = R33Y6NGFV7;
				GENERATE_INFOPLIST_FILE = YES;
				IPHONEOS_DEPLOYMENT_TARGET = 17.5;
				MARKETING_VERSION = 1.0;
				PRODUCT_BUNDLE_IDENTIFIER = "kwk.About-Me-2-Tests";
				PRODUCT_NAME = "$(TARGET_NAME)";
				SWIFT_EMIT_LOC_STRINGS = NO;
				SWIFT_VERSION = 5.0;
				TARGETED_DEVICE_FAMILY = "1,2";
				TEST_HOST = "$(BUILT_PRODUCTS_DIR)/About Me 2!.app/$(BUNDLE_EXECUTABLE_FOLDER_PATH)/About Me 2!";
			};
			name = Debug;
		};
		315E35B82C406C8D00BBEE30 /* Release */ = {
			isa = XCBuildConfiguration;
			buildSettings = {
				ALWAYS_EMBED_SWIFT_STANDARD_LIBRARIES = YES;
				BUNDLE_LOADER = "$(TEST_HOST)";
				CODE_SIGN_STYLE = Automatic;
				CURRENT_PROJECT_VERSION = 1;
				DEVELOPMENT_TEAM = R33Y6NGFV7;
				GENERATE_INFOPLIST_FILE = YES;
				IPHONEOS_DEPLOYMENT_TARGET = 17.5;
				MARKETING_VERSION = 1.0;
				PRODUCT_BUNDLE_IDENTIFIER = "kwk.About-Me-2-Tests";
				PRODUCT_NAME = "$(TARGET_NAME)";
				SWIFT_EMIT_LOC_STRINGS = NO;
				SWIFT_VERSION = 5.0;
				TARGETED_DEVICE_FAMILY = "1,2";
				TEST_HOST = "$(BUILT_PRODUCTS_DIR)/About Me 2!.app/$(BUNDLE_EXECUTABLE_FOLDER_PATH)/About Me 2!";
			};
			name = Release;
		};
		315E35BA2C406C8D00BBEE30 /* Debug */ = {
			isa = XCBuildConfiguration;
			buildSettings = {
				ALWAYS_EMBED_SWIFT_STANDARD_LIBRARIES = YES;
				CODE_SIGN_STYLE = Automatic;
				CURRENT_PROJECT_VERSION = 1;
				DEVELOPMENT_TEAM = R33Y6NGFV7;
				GENERATE_INFOPLIST_FILE = YES;
				MARKETING_VERSION = 1.0;
				PRODUCT_BUNDLE_IDENTIFIER = "kwk.About-Me-2-UITests";
				PRODUCT_NAME = "$(TARGET_NAME)";
				SWIFT_EMIT_LOC_STRINGS = NO;
				SWIFT_VERSION = 5.0;
				TARGETED_DEVICE_FAMILY = "1,2";
				TEST_TARGET_NAME = "About Me 2!";
			};
			name = Debug;
		};
		315E35BB2C406C8D00BBEE30 /* Release */ = {
			isa = XCBuildConfiguration;
			buildSettings = {
				ALWAYS_EMBED_SWIFT_STANDARD_LIBRARIES = YES;
				CODE_SIGN_STYLE = Automatic;
				CURRENT_PROJECT_VERSION = 1;
				DEVELOPMENT_TEAM = R33Y6NGFV7;
				GENERATE_INFOPLIST_FILE = YES;
				MARKETING_VERSION = 1.0;
				PRODUCT_BUNDLE_IDENTIFIER = "kwk.About-Me-2-UITests";
				PRODUCT_NAME = "$(TARGET_NAME)";
				SWIFT_EMIT_LOC_STRINGS = NO;
				SWIFT_VERSION = 5.0;
				TARGETED_DEVICE_FAMILY = "1,2";
				TEST_TARGET_NAME = "About Me 2!";
			};
			name = Release;
		};
/* End XCBuildConfiguration section */

/* Begin XCConfigurationList section */
		315E358A2C406C8C00BBEE30 /* Build configuration list for PBXProject "About Me 2!" */ = {
			isa = XCConfigurationList;
			buildConfigurations = (
				315E35B12C406C8D00BBEE30 /* Debug */,
				315E35B22C406C8D00BBEE30 /* Release */,
			);
			defaultConfigurationIsVisible = 0;
			defaultConfigurationName = Release;
		};
		315E35B32C406C8D00BBEE30 /* Build configuration list for PBXNativeTarget "About Me 2!" */ = {
			isa = XCConfigurationList;
			buildConfigurations = (
				315E35B42C406C8D00BBEE30 /* Debug */,
				315E35B52C406C8D00BBEE30 /* Release */,
			);
			defaultConfigurationIsVisible = 0;
			defaultConfigurationName = Release;
		};
		315E35B62C406C8D00BBEE30 /* Build configuration list for PBXNativeTarget "About Me 2!Tests" */ = {
			isa = XCConfigurationList;
			buildConfigurations = (
				315E35B72C406C8D00BBEE30 /* Debug */,
				315E35B82C406C8D00BBEE30 /* Release */,
			);
			defaultConfigurationIsVisible = 0;
			defaultConfigurationName = Release;
		};
		315E35B92C406C8D00BBEE30 /* Build configuration list for PBXNativeTarget "About Me 2!UITests" */ = {
			isa = XCConfigurationList;
			buildConfigurations = (
				315E35BA2C406C8D00BBEE30 /* Debug */,
				315E35BB2C406C8D00BBEE30 /* Release */,
			);
			defaultConfigurationIsVisible = 0;
			defaultConfigurationName = Release;
		};
/* End XCConfigurationList section */
	};
	rootObject = 315E35872C406C8C00BBEE30 /* Project object */;
}
